# This file was autogenerated by Stack.
# You should not edit this file by hand.
# For more information, please see the documentation at:
#   https://docs.haskellstack.org/en/stable/topics/lock_files

packages:
- completed:
    hackage: openai-1.1.0@sha256:966f86ac4e1e82746423ed15426c62b3f8b301713efae6023e171dd2b276812b,4764
    pantry-tree:
      sha256: 46174c15e6ba99eff40d2e75bfe1657050146d37cacaeee0186aa4895c9967cd
      size: 3230
  original:
    hackage: openai-1.1.0@sha256:966f86ac4e1e82746423ed15426c62b3f8b301713efae6023e171dd2b276812b,4764
snapshots:
- completed:
    sha256: 53d74d0ba05207bf70f1e5dc4b673f5dd6fd69220817d30d756d207b9ae8d742
    size: 712220
    url: https://raw.githubusercontent.com/commercialhaskell/stackage-snapshots/master/nightly/2025/6/18.yaml
  original: nightly-2025-06-18
